
Microsoft Visual Studio Solution File, Format Version 12.00
# Visual Studio Version 17
VisualStudioVersion = 17.5.33530.505
MinimumVisualStudioVersion = 10.0.40219.1
Project("{FAE04EC0-301F-11D3-BF4B-00C04F79EFBC}") = "Week8EpicGame", "Week8EpicGame\Week8EpicGame.csproj", "{51C74232-E26A-41EB-952B-FBD0755A9DBA}"
EndProject
Global
	GlobalSection(SolutionConfigurationPlatforms) = preSolution
		Debug|Any CPU = Debug|Any CPU
		Release|Any CPU = Release|Any CPU
	EndGlobalSection
	GlobalSection(ProjectConfigurationPlatforms) = postSolution
		{51C74232-E26A-41EB-952B-FBD0755A9DBA}.Debug|Any CPU.ActiveCfg = Debug|Any CPU
		{51C74232-E26A-41EB-952B-FBD0755A9DBA}.Debug|Any CPU.Build.0 = Debug|Any CPU
		{51C74232-E26A-41EB-952B-FBD0755A9DBA}.Release|Any CPU.ActiveCfg = Release|Any CPU
		{51C74232-E26A-41EB-952B-FBD0755A9DBA}.Release|Any CPU.Build.0 = Release|Any CPU
	EndGlobalSection
	GlobalSection(SolutionProperties) = preSolution
		HideSolutionNode = FALSE
	EndGlobalSection
	GlobalSection(ExtensibilityGlobals) = postSolution
		SolutionGuid = {89DA6476-2E29-41B2-ADE1-B2AC656E6700}
	EndGlobalSection
EndGlobal
